
Microsoft Visual Studio Solution File, Format Version 12.00
# Visual Studio Version 17
VisualStudioVersion = 17.2.32526.322
MinimumVisualStudioVersion = 10.0.40219.1
Project("{9A19103F-16F7-4668-BE54-9A1E7A4F7556}") = "productExpiry system", "productExpiry system.csproj", "{F3B8276D-8874-4FA5-AA98-A42E1C5EDCB3}"
EndProject
Project("{FAE04EC0-301F-11D3-BF4B-00C04F79EFBC}") = "Persistence", "..\Persistence\Persistence.csproj", "{0E89E57A-A446-4195-841C-235CF29BCC75}"
EndProject
Project("{FAE04EC0-301F-11D3-BF4B-00C04F79EFBC}") = "Application", "..\Application\Application.csproj", "{B451A5BF-A05E-401E-A42A-51992DF5C6A7}"
EndProject
Project("{FAE04EC0-301F-11D3-BF4B-00C04F79EFBC}") = "Domain", "..\Domain\Domain.csproj", "{0F326B73-C889-4602-9B9D-52A8C0062019}"
EndProject
Project("{FAE04EC0-301F-11D3-BF4B-00C04F79EFBC}") = "Infrastructure", "..\Infrastructure\Infrastructure.csproj", "{865F7B8F-64D9-4F4C-AE66-BD5FB6C8B905}"
EndProject
Global
	GlobalSection(SolutionConfigurationPlatforms) = preSolution
		Debug|Any CPU = Debug|Any CPU
		Release|Any CPU = Release|Any CPU
	EndGlobalSection
	GlobalSection(ProjectConfigurationPlatforms) = postSolution
		{F3B8276D-8874-4FA5-AA98-A42E1C5EDCB3}.Debug|Any CPU.ActiveCfg = Debug|Any CPU
		{F3B8276D-8874-4FA5-AA98-A42E1C5EDCB3}.Debug|Any CPU.Build.0 = Debug|Any CPU
		{F3B8276D-8874-4FA5-AA98-A42E1C5EDCB3}.Release|Any CPU.ActiveCfg = Release|Any CPU
		{F3B8276D-8874-4FA5-AA98-A42E1C5EDCB3}.Release|Any CPU.Build.0 = Release|Any CPU
		{0E89E57A-A446-4195-841C-235CF29BCC75}.Debug|Any CPU.ActiveCfg = Debug|Any CPU
		{0E89E57A-A446-4195-841C-235CF29BCC75}.Debug|Any CPU.Build.0 = Debug|Any CPU
		{0E89E57A-A446-4195-841C-235CF29BCC75}.Release|Any CPU.ActiveCfg = Release|Any CPU
		{0E89E57A-A446-4195-841C-235CF29BCC75}.Release|Any CPU.Build.0 = Release|Any CPU
		{B451A5BF-A05E-401E-A42A-51992DF5C6A7}.Debug|Any CPU.ActiveCfg = Debug|Any CPU
		{B451A5BF-A05E-401E-A42A-51992DF5C6A7}.Debug|Any CPU.Build.0 = Debug|Any CPU
		{B451A5BF-A05E-401E-A42A-51992DF5C6A7}.Release|Any CPU.ActiveCfg = Release|Any CPU
		{B451A5BF-A05E-401E-A42A-51992DF5C6A7}.Release|Any CPU.Build.0 = Release|Any CPU
		{0F326B73-C889-4602-9B9D-52A8C0062019}.Debug|Any CPU.ActiveCfg = Debug|Any CPU
		{0F326B73-C889-4602-9B9D-52A8C0062019}.Debug|Any CPU.Build.0 = Debug|Any CPU
		{0F326B73-C889-4602-9B9D-52A8C0062019}.Release|Any CPU.ActiveCfg = Release|Any CPU
		{0F326B73-C889-4602-9B9D-52A8C0062019}.Release|Any CPU.Build.0 = Release|Any CPU
		{865F7B8F-64D9-4F4C-AE66-BD5FB6C8B905}.Debug|Any CPU.ActiveCfg = Debug|Any CPU
		{865F7B8F-64D9-4F4C-AE66-BD5FB6C8B905}.Debug|Any CPU.Build.0 = Debug|Any CPU
		{865F7B8F-64D9-4F4C-AE66-BD5FB6C8B905}.Release|Any CPU.ActiveCfg = Release|Any CPU
		{865F7B8F-64D9-4F4C-AE66-BD5FB6C8B905}.Release|Any CPU.Build.0 = Release|Any CPU
	EndGlobalSection
	GlobalSection(SolutionProperties) = preSolution
		HideSolutionNode = FALSE
	EndGlobalSection
	GlobalSection(ExtensibilityGlobals) = postSolution
		SolutionGuid = {345C0B16-B84F-410E-8942-BC98B3C4ED2A}
	EndGlobalSection
EndGlobal
